{
    "_readme": [
        "This file locks the dependencies of your project to a known state",
        "Read more about it at https://getcomposer.org/doc/01-basic-usage.md#installing-dependencies",
        "This file is @generated automatically"
    ],
    "content-hash": "f9ca9874f0af7a0a13aa7e6327bba7fe",
    "packages": [
        {
            "name": "phenx/php-svg-lib",
            "version": "0.5.2",
            "source": {
                "type": "git",
                "url": "https://github.com/dompdf/php-svg-lib.git",
                "reference": "732faa9fb4309221e2bd9b2fda5de44f947133aa"
            },
            "dist": {
                "type": "zip",
                "url": "https://api.github.com/repos/dompdf/php-svg-lib/zipball/732faa9fb4309221e2bd9b2fda5de44f947133aa",
                "reference": "732faa9fb4309221e2bd9b2fda5de44f947133aa",
                "shasum": ""
            },
            "require": {
                "ext-mbstring": "*",
                "php": "^7.1 || ^8.0",
                "sabberworm/php-css-parser": "^8.4"
            },
            "require-dev": {
                "phpunit/phpunit": "^7.5 || ^8.5 || ^9.5"
            },
            "type": "library",
            "autoload": {
                "psr-4": {
                    "Svg\\": "src/Svg"
                }
            },
            "notification-url": "https://packagist.org/downloads/",
            "license": [
                "LGPL-3.0"
            ],
            "authors": [
                {
                    "name": "Fabien Ménager",
                    "email": "fabien.menager@gmail.com"
                }
            ],
            "description": "A library to read, parse and export to PDF SVG files.",
            "homepage": "https://github.com/PhenX/php-svg-lib",
            "support": {
                "issues": "https://github.com/dompdf/php-svg-lib/issues",
                "source": "https://github.com/dompdf/php-svg-lib/tree/0.5.2"
            },
            "time": "2024-02-07T12:49:40+00:00"
        },
        {
            "name": "sabberworm/php-css-parser",
            "version": "v8.5.1",
            "source": {
                "type": "git",
                "url": "https://github.com/MyIntervals/PHP-CSS-Parser.git",
                "reference": "4a3d572b0f8b28bb6fd016ae8bbfc445facef152"
            },
            "dist": {
                "type": "zip",
                "url": "https://api.github.com/repos/MyIntervals/PHP-CSS-Parser/zipball/4a3d572b0f8b28bb6fd016ae8bbfc445facef152",
                "reference": "4a3d572b0f8b28bb6fd016ae8bbfc445facef152",
                "shasum": ""
            },
            "require": {
                "ext-iconv": "*",
                "php": ">=5.6.20"
            },
            "require-dev": {
                "phpunit/phpunit": "^5.7.27"
            },
            "suggest": {
                "ext-mbstring": "for parsing UTF-8 CSS"
            },
            "type": "library",
            "extra": {
                "branch-alias": {
                    "dev-main": "9.0.x-dev"
                }
            },
            "autoload": {
                "psr-4": {
                    "Sabberworm\\CSS\\": "src/"
                }
            },
            "notification-url": "https://packagist.org/downloads/",
            "license": [
                "MIT"
            ],
            "authors": [
                {
                    "name": "Raphael Schweikert"
                },
                {
                    "name": "Oliver Klee",
                    "email": "github@oliverklee.de"
                },
                {
                    "name": "Jake Hotson",
                    "email": "jake.github@qzdesign.co.uk"
                }
            ],
            "description": "Parser for CSS Files written in PHP",
            "homepage": "https://www.sabberworm.com/blog/2010/6/10/php-css-parser",
            "keywords": [
                "css",
                "parser",
                "stylesheet"
            ],
            "support": {
                "issues": "https://github.com/MyIntervals/PHP-CSS-Parser/issues",
                "source": "https://github.com/MyIntervals/PHP-CSS-Parser/tree/v8.5.1"
            },
            "time": "2024-02-15T16:41:13+00:00"
        },
        {
            "name": "timesplinter/gphpio",
            "version": "dev-master",
            "source": {
                "type": "git",
                "url": "https://github.com/TiMESPLiNTER/gphpio.git",
                "reference": "afde198a37dcf9f1558313cfcd29b813e6d746a8"
            },
            "dist": {
                "type": "zip",
                "url": "https://api.github.com/repos/TiMESPLiNTER/gphpio/zipball/afde198a37dcf9f1558313cfcd29b813e6d746a8",
                "reference": "afde198a37dcf9f1558313cfcd29b813e6d746a8",
                "shasum": ""
            },
            "require": {
                "php": ">=5.5.0"
            },
            "require-dev": {
                "php-mock/php-mock-phpunit": "^2.0.1",
                "phpunit/phpunit": "^6.4"
            },
            "type": "library",
            "autoload": {
                "psr-4": {
                    "timesplinter\\gphpio\\": "src/"
                }
            },
            "notification-url": "https://packagist.org/downloads/",
            "license": [
                "MIT"
            ],
            "authors": [
                {
                    "name": "Pascal Muenst",
                    "email": "dev@timesplinter.ch",
                    "homepage": "http://www.timesplinter.ch",
                    "role": "Developer"
                }
            ],
            "description": "Library to handle GPIO",
            "homepage": "http://github.com/TiMESPLiNTER/gphpio",
            "keywords": [
                "GPIO",
                "RaspberryPi",
                "rpi",
                "rpi2"
            ],
            "time": "2018-01-29T11:21:08+00:00"
        }
    ],
    "packages-dev": [],
    "aliases": [],
    "minimum-stability": "stable",
    "stability-flags": {
        "timesplinter/gphpio": 20
    },
    "prefer-stable": true,
    "prefer-lowest": false,
    "platform": [],
    "platform-dev": [],
    "plugin-api-version": "2.6.0"
}
