{
    "_readme": [
        "This file locks the dependencies of your project to a known state",
        "Read more about it at https://getcomposer.org/doc/01-basic-usage.md#composer-lock-the-lock-file",
        "This file is @generated automatically"
    ],
    "content-hash": "3858f2471d64d9d3bbf50d5f615a955b",
    "packages": [
        {
            "name": "phenx/php-svg-lib",
            "version": "0.1",
            "source": {
                "type": "git",
                "url": "https://github.com/PhenX/php-svg-lib.git",
                "reference": "b419766515b3426c6da74b0e29e93d71c4f17099"
            },
            "dist": {
                "type": "zip",
                "url": "https://api.github.com/repos/PhenX/php-svg-lib/zipball/b419766515b3426c6da74b0e29e93d71c4f17099",
                "reference": "b419766515b3426c6da74b0e29e93d71c4f17099",
                "shasum": ""
            },
            "type": "library",
            "autoload": {
                "psr-0": {
                    "Svg\\": "src/"
                }
            },
            "notification-url": "https://packagist.org/downloads/",
            "license": [
                "LGPL-3.0"
            ],
            "authors": [
                {
                    "name": "Fabien Ménager",
                    "email": "fabien.menager@gmail.com"
                }
            ],
            "description": "A library to read, parse and export to PDF SVG files.",
            "homepage": "https://github.com/PhenX/php-svg-lib",
            "time": "2015-05-06T18:49:49+00:00"
        },
        {
            "name": "timesplinter/gphpio",
            "version": "dev-master",
            "source": {
                "type": "git",
                "url": "https://github.com/TiMESPLiNTER/gphpio.git",
                "reference": "afde198a37dcf9f1558313cfcd29b813e6d746a8"
            },
            "dist": {
                "type": "zip",
                "url": "https://api.github.com/repos/TiMESPLiNTER/gphpio/zipball/afde198a37dcf9f1558313cfcd29b813e6d746a8",
                "reference": "afde198a37dcf9f1558313cfcd29b813e6d746a8",
                "shasum": ""
            },
            "require": {
                "php": ">=5.5.0"
            },
            "require-dev": {
                "php-mock/php-mock-phpunit": "^2.0.1",
                "phpunit/phpunit": "^6.4"
            },
            "type": "library",
            "autoload": {
                "psr-4": {
                    "timesplinter\\gphpio\\": "src/"
                }
            },
            "notification-url": "https://packagist.org/downloads/",
            "license": [
                "MIT"
            ],
            "authors": [
                {
                    "name": "Pascal Muenst",
                    "email": "dev@timesplinter.ch",
                    "homepage": "http://www.timesplinter.ch",
                    "role": "Developer"
                }
            ],
            "description": "Library to handle GPIO",
            "homepage": "http://github.com/TiMESPLiNTER/gphpio",
            "keywords": [
                "GPIO",
                "RaspberryPi",
                "rpi",
                "rpi2"
            ],
            "time": "2018-01-29T11:21:08+00:00"
        }
    ],
    "packages-dev": [],
    "aliases": [],
    "minimum-stability": "stable",
    "stability-flags": {
        "timesplinter/gphpio": 20
    },
    "prefer-stable": true,
    "prefer-lowest": false,
    "platform": [],
    "platform-dev": []
}
