{
    "_readme": [
        "This file locks the dependencies of your project to a known state",
        "Read more about it at https://getcomposer.org/doc/01-basic-usage.md#composer-lock-the-lock-file",
        "This file is @generated automatically"
    ],
    "hash": "47b0a995eb869b88be5cdee3d3bb8ef8",
    "content-hash": "b0d98249d93de7373fc3bd3065aabf01",
    "packages": [
        {
            "name": "league/climate",
            "version": "3.2.0",
            "source": {
                "type": "git",
                "url": "https://github.com/thephpleague/climate.git",
                "reference": "834cb907c89eb31e2171b68ee25c0ed26c8f34f4"
            },
            "dist": {
                "type": "zip",
                "url": "https://api.github.com/repos/thephpleague/climate/zipball/834cb907c89eb31e2171b68ee25c0ed26c8f34f4",
                "reference": "834cb907c89eb31e2171b68ee25c0ed26c8f34f4",
                "shasum": ""
            },
            "require": {
                "php": ">=5.4.0",
                "seld/cli-prompt": "~1.0"
            },
            "require-dev": {
                "mikey179/vfsstream": "~1.4",
                "mockery/mockery": "dev-master",
                "phpunit/phpunit": "~4.6"
            },
            "type": "library",
            "autoload": {
                "psr-4": {
                    "League\\CLImate\\": "src/"
                }
            },
            "notification-url": "https://packagist.org/downloads/",
            "license": [
                "MIT"
            ],
            "authors": [
                {
                    "name": "Joe Tannenbaum",
                    "email": "hey@joe.codes",
                    "homepage": "http://joe.codes/",
                    "role": "Developer"
                }
            ],
            "description": "PHP's best friend for the terminal. CLImate allows you to easily output colored text, special formats, and more.",
            "keywords": [
                "cli",
                "colors",
                "command",
                "php",
                "terminal"
            ],
            "time": "2015-08-13 16:50:51"
        },
        {
            "name": "php-units-of-measure/php-units-of-measure",
            "version": "v2.0.0",
            "source": {
                "type": "git",
                "url": "https://github.com/PhpUnitsOfMeasure/php-units-of-measure.git",
                "reference": "84ac8e1343fbf1a4a6278b42fbc98c6b8c9d02d5"
            },
            "dist": {
                "type": "zip",
                "url": "https://api.github.com/repos/PhpUnitsOfMeasure/php-units-of-measure/zipball/84ac8e1343fbf1a4a6278b42fbc98c6b8c9d02d5",
                "reference": "84ac8e1343fbf1a4a6278b42fbc98c6b8c9d02d5",
                "shasum": ""
            },
            "require": {
                "php": ">=5.4.0"
            },
            "require-dev": {
                "phpunit/phpunit": "4.4.*",
                "squizlabs/php_codesniffer": "2.0.*"
            },
            "type": "library",
            "autoload": {
                "psr-4": {
                    "PhpUnitsOfMeasure\\": "source/"
                }
            },
            "notification-url": "https://packagist.org/downloads/",
            "license": [
                "MIT"
            ],
            "authors": [
                {
                    "name": "Jonathan Hanson",
                    "email": "jonathan@jonathan-hanson.org",
                    "homepage": "http://www.jonathan-hanson.org/",
                    "role": "Developer"
                }
            ],
            "description": "A PHP library for converting between standard units of measure.",
            "homepage": "https://github.com/triplepoint/php-units-of-measure",
            "keywords": [
                "conversion",
                "data",
                "measurements"
            ],
            "time": "2015-03-14 21:49:57"
        },
        {
            "name": "seld/cli-prompt",
            "version": "1.0.0",
            "source": {
                "type": "git",
                "url": "https://github.com/Seldaek/cli-prompt.git",
                "reference": "fe114c7a6ac5cb0ce76932ae4017024d9842a49c"
            },
            "dist": {
                "type": "zip",
                "url": "https://api.github.com/repos/Seldaek/cli-prompt/zipball/fe114c7a6ac5cb0ce76932ae4017024d9842a49c",
                "reference": "fe114c7a6ac5cb0ce76932ae4017024d9842a49c",
                "shasum": ""
            },
            "require": {
                "php": ">=5.3"
            },
            "type": "library",
            "extra": {
                "branch-alias": {
                    "dev-master": "1.x-dev"
                }
            },
            "autoload": {
                "psr-4": {
                    "Seld\\CliPrompt\\": "src/"
                }
            },
            "notification-url": "https://packagist.org/downloads/",
            "license": [
                "MIT"
            ],
            "authors": [
                {
                    "name": "Jordi Boggiano",
                    "email": "j.boggiano@seld.be"
                }
            ],
            "description": "Allows you to prompt for user input on the command line, and optionally hide the characters they type",
            "keywords": [
                "cli",
                "console",
                "hidden",
                "input",
                "prompt"
            ],
            "time": "2015-04-30 20:24:49"
        },
        {
            "name": "timesplinter/gphpio",
            "version": "dev-master",
            "source": {
                "type": "git",
                "url": "https://github.com/TiMESPLiNTER/gphpio.git",
                "reference": "51ae323884f37ec9ff575b7458364b6597dd76b4"
            },
            "dist": {
                "type": "zip",
                "url": "https://api.github.com/repos/TiMESPLiNTER/gphpio/zipball/51ae323884f37ec9ff575b7458364b6597dd76b4",
                "reference": "51ae323884f37ec9ff575b7458364b6597dd76b4",
                "shasum": ""
            },
            "require": {
                "php": ">=5.5.0"
            },
            "type": "library",
            "autoload": {
                "psr-4": {
                    "timesplinter\\": "src/timesplinter/"
                }
            },
            "notification-url": "https://packagist.org/downloads/",
            "license": [
                "MIT"
            ],
            "authors": [
                {
                    "name": "Pascal Muenst",
                    "email": "dev@timesplinter.ch",
                    "homepage": "http://www.timesplinter.ch",
                    "role": "Developer"
                }
            ],
            "description": "Library to handle GPIO",
            "homepage": "http://github.com/TiMESPLiNTER/gphpio",
            "keywords": [
                "GPIO",
                "RaspberryPi",
                "rpi",
                "rpi2"
            ],
            "time": "2015-06-25 15:52:19"
        }
    ],
    "packages-dev": [],
    "aliases": [],
    "minimum-stability": "stable",
    "stability-flags": {
        "timesplinter/gphpio": 20
    },
    "prefer-stable": true,
    "prefer-lowest": false,
    "platform": [],
    "platform-dev": []
}
